
Microsoft Visual Studio Solution File, Format Version 12.00
# Visual Studio Version 17
VisualStudioVersion = 17.3.32825.248
MinimumVisualStudioVersion = 10.0.40219.1
Project("{9A19103F-16F7-4668-BE54-9A1E7A4F7556}") = "Dresser", "Dresser\Dresser.csproj", "{13C812E9-0D42-4B95-8646-40EEBF30636F}"
EndProject
Project("{9A19103F-16F7-4668-BE54-9A1E7A4F7556}") = "Penumbra.GameData", "Penumbra.GameData\Penumbra.GameData.csproj", "{E2E9EDB7-078E-4AD8-97DB-7D4CA864E810}"
EndProject
Project("{9A19103F-16F7-4668-BE54-9A1E7A4F7556}") = "Penumbra.String", "Penumbra.String\Penumbra.String.csproj", "{89980AF0-74E4-4861-9A0A-37586FEFC293}"
EndProject
Project("{9A19103F-16F7-4668-BE54-9A1E7A4F7556}") = "Penumbra.Api", "Penumbra.Api\Penumbra.Api.csproj", "{812DEBF8-B220-44A7-96E6-F594B883BA3C}"
EndProject
Project("{9A19103F-16F7-4668-BE54-9A1E7A4F7556}") = "OtterGui", "OtterGui\OtterGui.csproj", "{A21F7FC3-E7E0-4738-B780-4CFE50816E83}"
EndProject
Project("{FAE04EC0-301F-11D3-BF4B-00C04F79EFBC}") = "CriticalCommonLib", "CriticalCommonLib\CriticalCommonLib.csproj", "{D98BAEA6-6171-4B92-848F-6373497FA6A0}"
EndProject
Project("{9A19103F-16F7-4668-BE54-9A1E7A4F7556}") = "Glamourer.Api", "Glamourer.Api\Glamourer.Api.csproj", "{EE5AADD5-DB9D-4D1F-95A8-D4AC7192A2C1}"
EndProject
Global
	GlobalSection(SolutionConfigurationPlatforms) = preSolution
		Debug|Any CPU = Debug|Any CPU
		Debug|x64 = Debug|x64
		FullDebug|Any CPU = FullDebug|Any CPU
		FullDebug|x64 = FullDebug|x64
		Release|Any CPU = Release|Any CPU
		Release|x64 = Release|x64
	EndGlobalSection
	GlobalSection(ProjectConfigurationPlatforms) = postSolution
		{13C812E9-0D42-4B95-8646-40EEBF30636F}.Debug|Any CPU.ActiveCfg = Debug|Any CPU
		{13C812E9-0D42-4B95-8646-40EEBF30636F}.Debug|Any CPU.Build.0 = Debug|Any CPU
		{13C812E9-0D42-4B95-8646-40EEBF30636F}.Debug|x64.ActiveCfg = Debug|x64
		{13C812E9-0D42-4B95-8646-40EEBF30636F}.Debug|x64.Build.0 = Debug|x64
		{13C812E9-0D42-4B95-8646-40EEBF30636F}.FullDebug|Any CPU.ActiveCfg = Debug|x64
		{13C812E9-0D42-4B95-8646-40EEBF30636F}.FullDebug|Any CPU.Build.0 = Debug|x64
		{13C812E9-0D42-4B95-8646-40EEBF30636F}.FullDebug|x64.ActiveCfg = Debug|x64
		{13C812E9-0D42-4B95-8646-40EEBF30636F}.FullDebug|x64.Build.0 = Debug|x64
		{13C812E9-0D42-4B95-8646-40EEBF30636F}.Release|Any CPU.ActiveCfg = Release|x64
		{13C812E9-0D42-4B95-8646-40EEBF30636F}.Release|Any CPU.Build.0 = Release|x64
		{13C812E9-0D42-4B95-8646-40EEBF30636F}.Release|x64.ActiveCfg = Release|x64
		{13C812E9-0D42-4B95-8646-40EEBF30636F}.Release|x64.Build.0 = Release|x64
		{E2E9EDB7-078E-4AD8-97DB-7D4CA864E810}.Debug|Any CPU.ActiveCfg = Debug|Any CPU
		{E2E9EDB7-078E-4AD8-97DB-7D4CA864E810}.Debug|Any CPU.Build.0 = Debug|Any CPU
		{E2E9EDB7-078E-4AD8-97DB-7D4CA864E810}.Debug|x64.ActiveCfg = Debug|Any CPU
		{E2E9EDB7-078E-4AD8-97DB-7D4CA864E810}.Debug|x64.Build.0 = Debug|Any CPU
		{E2E9EDB7-078E-4AD8-97DB-7D4CA864E810}.FullDebug|Any CPU.ActiveCfg = Debug|Any CPU
		{E2E9EDB7-078E-4AD8-97DB-7D4CA864E810}.FullDebug|Any CPU.Build.0 = Debug|Any CPU
		{E2E9EDB7-078E-4AD8-97DB-7D4CA864E810}.FullDebug|x64.ActiveCfg = Debug|Any CPU
		{E2E9EDB7-078E-4AD8-97DB-7D4CA864E810}.FullDebug|x64.Build.0 = Debug|Any CPU
		{E2E9EDB7-078E-4AD8-97DB-7D4CA864E810}.Release|Any CPU.ActiveCfg = Release|Any CPU
		{E2E9EDB7-078E-4AD8-97DB-7D4CA864E810}.Release|Any CPU.Build.0 = Release|Any CPU
		{E2E9EDB7-078E-4AD8-97DB-7D4CA864E810}.Release|x64.ActiveCfg = Release|Any CPU
		{E2E9EDB7-078E-4AD8-97DB-7D4CA864E810}.Release|x64.Build.0 = Release|Any CPU
		{89980AF0-74E4-4861-9A0A-37586FEFC293}.Debug|Any CPU.ActiveCfg = Debug|Any CPU
		{89980AF0-74E4-4861-9A0A-37586FEFC293}.Debug|Any CPU.Build.0 = Debug|Any CPU
		{89980AF0-74E4-4861-9A0A-37586FEFC293}.Debug|x64.ActiveCfg = Debug|Any CPU
		{89980AF0-74E4-4861-9A0A-37586FEFC293}.Debug|x64.Build.0 = Debug|Any CPU
		{89980AF0-74E4-4861-9A0A-37586FEFC293}.FullDebug|Any CPU.ActiveCfg = Debug|Any CPU
		{89980AF0-74E4-4861-9A0A-37586FEFC293}.FullDebug|Any CPU.Build.0 = Debug|Any CPU
		{89980AF0-74E4-4861-9A0A-37586FEFC293}.FullDebug|x64.ActiveCfg = Debug|Any CPU
		{89980AF0-74E4-4861-9A0A-37586FEFC293}.FullDebug|x64.Build.0 = Debug|Any CPU
		{89980AF0-74E4-4861-9A0A-37586FEFC293}.Release|Any CPU.ActiveCfg = Release|Any CPU
		{89980AF0-74E4-4861-9A0A-37586FEFC293}.Release|Any CPU.Build.0 = Release|Any CPU
		{89980AF0-74E4-4861-9A0A-37586FEFC293}.Release|x64.ActiveCfg = Release|Any CPU
		{89980AF0-74E4-4861-9A0A-37586FEFC293}.Release|x64.Build.0 = Release|Any CPU
		{812DEBF8-B220-44A7-96E6-F594B883BA3C}.Debug|Any CPU.ActiveCfg = Debug|Any CPU
		{812DEBF8-B220-44A7-96E6-F594B883BA3C}.Debug|Any CPU.Build.0 = Debug|Any CPU
		{812DEBF8-B220-44A7-96E6-F594B883BA3C}.Debug|x64.ActiveCfg = Debug|Any CPU
		{812DEBF8-B220-44A7-96E6-F594B883BA3C}.Debug|x64.Build.0 = Debug|Any CPU
		{812DEBF8-B220-44A7-96E6-F594B883BA3C}.FullDebug|Any CPU.ActiveCfg = Debug|Any CPU
		{812DEBF8-B220-44A7-96E6-F594B883BA3C}.FullDebug|Any CPU.Build.0 = Debug|Any CPU
		{812DEBF8-B220-44A7-96E6-F594B883BA3C}.FullDebug|x64.ActiveCfg = Debug|Any CPU
		{812DEBF8-B220-44A7-96E6-F594B883BA3C}.FullDebug|x64.Build.0 = Debug|Any CPU
		{812DEBF8-B220-44A7-96E6-F594B883BA3C}.Release|Any CPU.ActiveCfg = Release|Any CPU
		{812DEBF8-B220-44A7-96E6-F594B883BA3C}.Release|Any CPU.Build.0 = Release|Any CPU
		{812DEBF8-B220-44A7-96E6-F594B883BA3C}.Release|x64.ActiveCfg = Release|Any CPU
		{812DEBF8-B220-44A7-96E6-F594B883BA3C}.Release|x64.Build.0 = Release|Any CPU
		{A21F7FC3-E7E0-4738-B780-4CFE50816E83}.Debug|Any CPU.ActiveCfg = Debug|Any CPU
		{A21F7FC3-E7E0-4738-B780-4CFE50816E83}.Debug|Any CPU.Build.0 = Debug|Any CPU
		{A21F7FC3-E7E0-4738-B780-4CFE50816E83}.Debug|x64.ActiveCfg = Debug|Any CPU
		{A21F7FC3-E7E0-4738-B780-4CFE50816E83}.Debug|x64.Build.0 = Debug|Any CPU
		{A21F7FC3-E7E0-4738-B780-4CFE50816E83}.FullDebug|Any CPU.ActiveCfg = Debug|Any CPU
		{A21F7FC3-E7E0-4738-B780-4CFE50816E83}.FullDebug|Any CPU.Build.0 = Debug|Any CPU
		{A21F7FC3-E7E0-4738-B780-4CFE50816E83}.FullDebug|x64.ActiveCfg = Debug|Any CPU
		{A21F7FC3-E7E0-4738-B780-4CFE50816E83}.FullDebug|x64.Build.0 = Debug|Any CPU
		{A21F7FC3-E7E0-4738-B780-4CFE50816E83}.Release|Any CPU.ActiveCfg = Release|Any CPU
		{A21F7FC3-E7E0-4738-B780-4CFE50816E83}.Release|Any CPU.Build.0 = Release|Any CPU
		{A21F7FC3-E7E0-4738-B780-4CFE50816E83}.Release|x64.ActiveCfg = Release|Any CPU
		{A21F7FC3-E7E0-4738-B780-4CFE50816E83}.Release|x64.Build.0 = Release|Any CPU
		{7F9634C2-E7B8-4BBD-8415-EABD9AB077BD}.Debug|Any CPU.ActiveCfg = Debug|Any CPU
		{7F9634C2-E7B8-4BBD-8415-EABD9AB077BD}.Debug|Any CPU.Build.0 = Debug|Any CPU
		{7F9634C2-E7B8-4BBD-8415-EABD9AB077BD}.Debug|x64.ActiveCfg = Debug|Any CPU
		{7F9634C2-E7B8-4BBD-8415-EABD9AB077BD}.Debug|x64.Build.0 = Debug|Any CPU
		{7F9634C2-E7B8-4BBD-8415-EABD9AB077BD}.FullDebug|Any CPU.ActiveCfg = FullDebug|Any CPU
		{7F9634C2-E7B8-4BBD-8415-EABD9AB077BD}.FullDebug|Any CPU.Build.0 = FullDebug|Any CPU
		{7F9634C2-E7B8-4BBD-8415-EABD9AB077BD}.FullDebug|x64.ActiveCfg = FullDebug|Any CPU
		{7F9634C2-E7B8-4BBD-8415-EABD9AB077BD}.FullDebug|x64.Build.0 = FullDebug|Any CPU
		{7F9634C2-E7B8-4BBD-8415-EABD9AB077BD}.Release|Any CPU.ActiveCfg = Release|Any CPU
		{7F9634C2-E7B8-4BBD-8415-EABD9AB077BD}.Release|Any CPU.Build.0 = Release|Any CPU
		{7F9634C2-E7B8-4BBD-8415-EABD9AB077BD}.Release|x64.ActiveCfg = Release|Any CPU
		{7F9634C2-E7B8-4BBD-8415-EABD9AB077BD}.Release|x64.Build.0 = Release|Any CPU
		{EE5AADD5-DB9D-4D1F-95A8-D4AC7192A2C1}.Debug|Any CPU.ActiveCfg = Debug|Any CPU
		{EE5AADD5-DB9D-4D1F-95A8-D4AC7192A2C1}.Debug|Any CPU.Build.0 = Debug|Any CPU
		{EE5AADD5-DB9D-4D1F-95A8-D4AC7192A2C1}.Debug|x64.ActiveCfg = Debug|Any CPU
		{EE5AADD5-DB9D-4D1F-95A8-D4AC7192A2C1}.Debug|x64.Build.0 = Debug|Any CPU
		{EE5AADD5-DB9D-4D1F-95A8-D4AC7192A2C1}.FullDebug|Any CPU.ActiveCfg = Debug|Any CPU
		{EE5AADD5-DB9D-4D1F-95A8-D4AC7192A2C1}.FullDebug|Any CPU.Build.0 = Debug|Any CPU
		{EE5AADD5-DB9D-4D1F-95A8-D4AC7192A2C1}.FullDebug|x64.ActiveCfg = Debug|Any CPU
		{EE5AADD5-DB9D-4D1F-95A8-D4AC7192A2C1}.FullDebug|x64.Build.0 = Debug|Any CPU
		{EE5AADD5-DB9D-4D1F-95A8-D4AC7192A2C1}.Release|Any CPU.ActiveCfg = Release|Any CPU
		{EE5AADD5-DB9D-4D1F-95A8-D4AC7192A2C1}.Release|Any CPU.Build.0 = Release|Any CPU
		{EE5AADD5-DB9D-4D1F-95A8-D4AC7192A2C1}.Release|x64.ActiveCfg = Release|Any CPU
		{EE5AADD5-DB9D-4D1F-95A8-D4AC7192A2C1}.Release|x64.Build.0 = Release|Any CPU
	EndGlobalSection
	GlobalSection(SolutionProperties) = preSolution
		HideSolutionNode = FALSE
	EndGlobalSection
	GlobalSection(ExtensibilityGlobals) = postSolution
		SolutionGuid = {B17E85B1-5F60-4440-9F9A-3DDE877E8CDF}
	EndGlobalSection
EndGlobal
