
Microsoft Visual Studio Solution File, Format Version 12.00
# Visual Studio Version 17
VisualStudioVersion = 17.3.32825.248
MinimumVisualStudioVersion = 10.0.40219.1
Project("{9A19103F-16F7-4668-BE54-9A1E7A4F7556}") = "Dresser", "Dresser\Dresser.csproj", "{13C812E9-0D42-4B95-8646-40EEBF30636F}"
EndProject
Project("{9A19103F-16F7-4668-BE54-9A1E7A4F7556}") = "CriticalCommonLib", "CriticalCommonLib\CriticalCommonLib.csproj", "{4E49327E-DA53-40E7-9844-F31216C806BA}"
EndProject
Project("{9A19103F-16F7-4668-BE54-9A1E7A4F7556}") = "LuminaSupplemental.Excel", "LuminaSupplemental\src\LuminaSupplemental.Excel\LuminaSupplemental.Excel.csproj", "{11DA126E-E3E2-4D80-90F9-162F46F0AC5E}"
EndProject
Project("{9A19103F-16F7-4668-BE54-9A1E7A4F7556}") = "DalaMock.Shared", "DalaMock\DalaMock.Shared\DalaMock.Shared.csproj", "{42CC946C-6497-4897-A39B-C6D6E1FE89C0}"
EndProject
Project("{9A19103F-16F7-4668-BE54-9A1E7A4F7556}") = "Penumbra.GameData", "Penumbra.GameData\Penumbra.GameData.csproj", "{E2E9EDB7-078E-4AD8-97DB-7D4CA864E810}"
EndProject
Project("{9A19103F-16F7-4668-BE54-9A1E7A4F7556}") = "Penumbra.String", "Penumbra.String\Penumbra.String.csproj", "{89980AF0-74E4-4861-9A0A-37586FEFC293}"
EndProject
Project("{9A19103F-16F7-4668-BE54-9A1E7A4F7556}") = "Penumbra.Api", "Penumbra.Api\Penumbra.Api.csproj", "{812DEBF8-B220-44A7-96E6-F594B883BA3C}"
EndProject
Global
	GlobalSection(SolutionConfigurationPlatforms) = preSolution
		Debug|Any CPU = Debug|Any CPU
		Debug|x64 = Debug|x64
		FullDebug|Any CPU = FullDebug|Any CPU
		FullDebug|x64 = FullDebug|x64
		Release|Any CPU = Release|Any CPU
		Release|x64 = Release|x64
	EndGlobalSection
	GlobalSection(ProjectConfigurationPlatforms) = postSolution
		{13C812E9-0D42-4B95-8646-40EEBF30636F}.Debug|Any CPU.ActiveCfg = Debug|Any CPU
		{13C812E9-0D42-4B95-8646-40EEBF30636F}.Debug|Any CPU.Build.0 = Debug|Any CPU
		{13C812E9-0D42-4B95-8646-40EEBF30636F}.Debug|x64.ActiveCfg = Debug|x64
		{13C812E9-0D42-4B95-8646-40EEBF30636F}.Debug|x64.Build.0 = Debug|x64
		{13C812E9-0D42-4B95-8646-40EEBF30636F}.FullDebug|Any CPU.ActiveCfg = Debug|x64
		{13C812E9-0D42-4B95-8646-40EEBF30636F}.FullDebug|Any CPU.Build.0 = Debug|x64
		{13C812E9-0D42-4B95-8646-40EEBF30636F}.FullDebug|x64.ActiveCfg = Debug|x64
		{13C812E9-0D42-4B95-8646-40EEBF30636F}.FullDebug|x64.Build.0 = Debug|x64
		{13C812E9-0D42-4B95-8646-40EEBF30636F}.Release|Any CPU.ActiveCfg = Release|x64
		{13C812E9-0D42-4B95-8646-40EEBF30636F}.Release|Any CPU.Build.0 = Release|x64
		{13C812E9-0D42-4B95-8646-40EEBF30636F}.Release|x64.ActiveCfg = Release|x64
		{13C812E9-0D42-4B95-8646-40EEBF30636F}.Release|x64.Build.0 = Release|x64
		{4E49327E-DA53-40E7-9844-F31216C806BA}.Debug|Any CPU.ActiveCfg = Debug|Any CPU
		{4E49327E-DA53-40E7-9844-F31216C806BA}.Debug|Any CPU.Build.0 = Debug|Any CPU
		{4E49327E-DA53-40E7-9844-F31216C806BA}.Debug|x64.ActiveCfg = Debug|Any CPU
		{4E49327E-DA53-40E7-9844-F31216C806BA}.Debug|x64.Build.0 = Debug|Any CPU
		{4E49327E-DA53-40E7-9844-F31216C806BA}.FullDebug|Any CPU.ActiveCfg = FullDebug|Any CPU
		{4E49327E-DA53-40E7-9844-F31216C806BA}.FullDebug|Any CPU.Build.0 = FullDebug|Any CPU
		{4E49327E-DA53-40E7-9844-F31216C806BA}.FullDebug|x64.ActiveCfg = FullDebug|Any CPU
		{4E49327E-DA53-40E7-9844-F31216C806BA}.FullDebug|x64.Build.0 = FullDebug|Any CPU
		{4E49327E-DA53-40E7-9844-F31216C806BA}.Release|Any CPU.ActiveCfg = Release|Any CPU
		{4E49327E-DA53-40E7-9844-F31216C806BA}.Release|Any CPU.Build.0 = Release|Any CPU
		{4E49327E-DA53-40E7-9844-F31216C806BA}.Release|x64.ActiveCfg = Release|Any CPU
		{4E49327E-DA53-40E7-9844-F31216C806BA}.Release|x64.Build.0 = Release|Any CPU
		{11DA126E-E3E2-4D80-90F9-162F46F0AC5E}.Debug|Any CPU.ActiveCfg = Debug|Any CPU
		{11DA126E-E3E2-4D80-90F9-162F46F0AC5E}.Debug|Any CPU.Build.0 = Debug|Any CPU
		{11DA126E-E3E2-4D80-90F9-162F46F0AC5E}.Debug|x64.ActiveCfg = Debug|Any CPU
		{11DA126E-E3E2-4D80-90F9-162F46F0AC5E}.Debug|x64.Build.0 = Debug|Any CPU
		{11DA126E-E3E2-4D80-90F9-162F46F0AC5E}.FullDebug|Any CPU.ActiveCfg = Debug|Any CPU
		{11DA126E-E3E2-4D80-90F9-162F46F0AC5E}.FullDebug|Any CPU.Build.0 = Debug|Any CPU
		{11DA126E-E3E2-4D80-90F9-162F46F0AC5E}.FullDebug|x64.ActiveCfg = Debug|Any CPU
		{11DA126E-E3E2-4D80-90F9-162F46F0AC5E}.FullDebug|x64.Build.0 = Debug|Any CPU
		{11DA126E-E3E2-4D80-90F9-162F46F0AC5E}.Release|Any CPU.ActiveCfg = Release|Any CPU
		{11DA126E-E3E2-4D80-90F9-162F46F0AC5E}.Release|Any CPU.Build.0 = Release|Any CPU
		{11DA126E-E3E2-4D80-90F9-162F46F0AC5E}.Release|x64.ActiveCfg = Release|Any CPU
		{11DA126E-E3E2-4D80-90F9-162F46F0AC5E}.Release|x64.Build.0 = Release|Any CPU
		{42CC946C-6497-4897-A39B-C6D6E1FE89C0}.Debug|Any CPU.ActiveCfg = Debug|Any CPU
		{42CC946C-6497-4897-A39B-C6D6E1FE89C0}.Debug|Any CPU.Build.0 = Debug|Any CPU
		{42CC946C-6497-4897-A39B-C6D6E1FE89C0}.Debug|x64.ActiveCfg = Debug|Any CPU
		{42CC946C-6497-4897-A39B-C6D6E1FE89C0}.Debug|x64.Build.0 = Debug|Any CPU
		{42CC946C-6497-4897-A39B-C6D6E1FE89C0}.FullDebug|Any CPU.ActiveCfg = Debug|Any CPU
		{42CC946C-6497-4897-A39B-C6D6E1FE89C0}.FullDebug|Any CPU.Build.0 = Debug|Any CPU
		{42CC946C-6497-4897-A39B-C6D6E1FE89C0}.FullDebug|x64.ActiveCfg = Debug|Any CPU
		{42CC946C-6497-4897-A39B-C6D6E1FE89C0}.FullDebug|x64.Build.0 = Debug|Any CPU
		{42CC946C-6497-4897-A39B-C6D6E1FE89C0}.Release|Any CPU.ActiveCfg = Release|Any CPU
		{42CC946C-6497-4897-A39B-C6D6E1FE89C0}.Release|Any CPU.Build.0 = Release|Any CPU
		{42CC946C-6497-4897-A39B-C6D6E1FE89C0}.Release|x64.ActiveCfg = Release|Any CPU
		{42CC946C-6497-4897-A39B-C6D6E1FE89C0}.Release|x64.Build.0 = Release|Any CPU
		{E2E9EDB7-078E-4AD8-97DB-7D4CA864E810}.Debug|Any CPU.ActiveCfg = Debug|Any CPU
		{E2E9EDB7-078E-4AD8-97DB-7D4CA864E810}.Debug|Any CPU.Build.0 = Debug|Any CPU
		{E2E9EDB7-078E-4AD8-97DB-7D4CA864E810}.Debug|x64.ActiveCfg = Debug|Any CPU
		{E2E9EDB7-078E-4AD8-97DB-7D4CA864E810}.Debug|x64.Build.0 = Debug|Any CPU
		{E2E9EDB7-078E-4AD8-97DB-7D4CA864E810}.FullDebug|Any CPU.ActiveCfg = Debug|Any CPU
		{E2E9EDB7-078E-4AD8-97DB-7D4CA864E810}.FullDebug|Any CPU.Build.0 = Debug|Any CPU
		{E2E9EDB7-078E-4AD8-97DB-7D4CA864E810}.FullDebug|x64.ActiveCfg = Debug|Any CPU
		{E2E9EDB7-078E-4AD8-97DB-7D4CA864E810}.FullDebug|x64.Build.0 = Debug|Any CPU
		{E2E9EDB7-078E-4AD8-97DB-7D4CA864E810}.Release|Any CPU.ActiveCfg = Release|Any CPU
		{E2E9EDB7-078E-4AD8-97DB-7D4CA864E810}.Release|Any CPU.Build.0 = Release|Any CPU
		{E2E9EDB7-078E-4AD8-97DB-7D4CA864E810}.Release|x64.ActiveCfg = Release|Any CPU
		{E2E9EDB7-078E-4AD8-97DB-7D4CA864E810}.Release|x64.Build.0 = Release|Any CPU
		{89980AF0-74E4-4861-9A0A-37586FEFC293}.Debug|Any CPU.ActiveCfg = Debug|Any CPU
		{89980AF0-74E4-4861-9A0A-37586FEFC293}.Debug|Any CPU.Build.0 = Debug|Any CPU
		{89980AF0-74E4-4861-9A0A-37586FEFC293}.Debug|x64.ActiveCfg = Debug|Any CPU
		{89980AF0-74E4-4861-9A0A-37586FEFC293}.Debug|x64.Build.0 = Debug|Any CPU
		{89980AF0-74E4-4861-9A0A-37586FEFC293}.FullDebug|Any CPU.ActiveCfg = Debug|Any CPU
		{89980AF0-74E4-4861-9A0A-37586FEFC293}.FullDebug|Any CPU.Build.0 = Debug|Any CPU
		{89980AF0-74E4-4861-9A0A-37586FEFC293}.FullDebug|x64.ActiveCfg = Debug|Any CPU
		{89980AF0-74E4-4861-9A0A-37586FEFC293}.FullDebug|x64.Build.0 = Debug|Any CPU
		{89980AF0-74E4-4861-9A0A-37586FEFC293}.Release|Any CPU.ActiveCfg = Release|Any CPU
		{89980AF0-74E4-4861-9A0A-37586FEFC293}.Release|Any CPU.Build.0 = Release|Any CPU
		{89980AF0-74E4-4861-9A0A-37586FEFC293}.Release|x64.ActiveCfg = Release|Any CPU
		{89980AF0-74E4-4861-9A0A-37586FEFC293}.Release|x64.Build.0 = Release|Any CPU
		{812DEBF8-B220-44A7-96E6-F594B883BA3C}.Debug|Any CPU.ActiveCfg = Debug|Any CPU
		{812DEBF8-B220-44A7-96E6-F594B883BA3C}.Debug|Any CPU.Build.0 = Debug|Any CPU
		{812DEBF8-B220-44A7-96E6-F594B883BA3C}.Debug|x64.ActiveCfg = Debug|Any CPU
		{812DEBF8-B220-44A7-96E6-F594B883BA3C}.Debug|x64.Build.0 = Debug|Any CPU
		{812DEBF8-B220-44A7-96E6-F594B883BA3C}.FullDebug|Any CPU.ActiveCfg = Debug|Any CPU
		{812DEBF8-B220-44A7-96E6-F594B883BA3C}.FullDebug|Any CPU.Build.0 = Debug|Any CPU
		{812DEBF8-B220-44A7-96E6-F594B883BA3C}.FullDebug|x64.ActiveCfg = Debug|Any CPU
		{812DEBF8-B220-44A7-96E6-F594B883BA3C}.FullDebug|x64.Build.0 = Debug|Any CPU
		{812DEBF8-B220-44A7-96E6-F594B883BA3C}.Release|Any CPU.ActiveCfg = Release|Any CPU
		{812DEBF8-B220-44A7-96E6-F594B883BA3C}.Release|Any CPU.Build.0 = Release|Any CPU
		{812DEBF8-B220-44A7-96E6-F594B883BA3C}.Release|x64.ActiveCfg = Release|Any CPU
		{812DEBF8-B220-44A7-96E6-F594B883BA3C}.Release|x64.Build.0 = Release|Any CPU
	EndGlobalSection
	GlobalSection(SolutionProperties) = preSolution
		HideSolutionNode = FALSE
	EndGlobalSection
	GlobalSection(ExtensibilityGlobals) = postSolution
		SolutionGuid = {B17E85B1-5F60-4440-9F9A-3DDE877E8CDF}
	EndGlobalSection
EndGlobal
